
Microsoft Visual Studio Solution File, Format Version 12.00
# Visual Studio Version 17
VisualStudioVersion = 17.0.32014.148
MinimumVisualStudioVersion = 10.0.40219.1
Project("{9A19103F-16F7-4668-BE54-9A1E7A4F7556}") = "Core", "Core\Core.csproj", "{3AD8322B-E342-42A3-AF5F-0959464E0BDF}"
EndProject
Project("{9A19103F-16F7-4668-BE54-9A1E7A4F7556}") = "Testing", "Testing\Testing.csproj", "{449777AF-9D2B-44A5-9450-C20469CF08F3}"
EndProject
Project("{FAE04EC0-301F-11D3-BF4B-00C04F79EFBC}") = "Examples", "Examples\Examples.csproj", "{4999BCC5-1CFC-4D48-AA0E-7F31A5722322}"
EndProject
Global
	GlobalSection(SolutionConfigurationPlatforms) = preSolution
		Debug|Any CPU = Debug|Any CPU
		Release|Any CPU = Release|Any CPU
	EndGlobalSection
	GlobalSection(ProjectConfigurationPlatforms) = postSolution
		{3AD8322B-E342-42A3-AF5F-0959464E0BDF}.Debug|Any CPU.ActiveCfg = Debug|Any CPU
		{3AD8322B-E342-42A3-AF5F-0959464E0BDF}.Debug|Any CPU.Build.0 = Debug|Any CPU
		{3AD8322B-E342-42A3-AF5F-0959464E0BDF}.Release|Any CPU.ActiveCfg = Release|Any CPU
		{3AD8322B-E342-42A3-AF5F-0959464E0BDF}.Release|Any CPU.Build.0 = Release|Any CPU
		{449777AF-9D2B-44A5-9450-C20469CF08F3}.Debug|Any CPU.ActiveCfg = Debug|Any CPU
		{449777AF-9D2B-44A5-9450-C20469CF08F3}.Debug|Any CPU.Build.0 = Debug|Any CPU
		{449777AF-9D2B-44A5-9450-C20469CF08F3}.Release|Any CPU.ActiveCfg = Release|Any CPU
		{449777AF-9D2B-44A5-9450-C20469CF08F3}.Release|Any CPU.Build.0 = Release|Any CPU
		{4999BCC5-1CFC-4D48-AA0E-7F31A5722322}.Debug|Any CPU.ActiveCfg = Debug|Any CPU
		{4999BCC5-1CFC-4D48-AA0E-7F31A5722322}.Debug|Any CPU.Build.0 = Debug|Any CPU
		{4999BCC5-1CFC-4D48-AA0E-7F31A5722322}.Release|Any CPU.ActiveCfg = Release|Any CPU
		{4999BCC5-1CFC-4D48-AA0E-7F31A5722322}.Release|Any CPU.Build.0 = Release|Any CPU
	EndGlobalSection
	GlobalSection(SolutionProperties) = preSolution
		HideSolutionNode = FALSE
	EndGlobalSection
	GlobalSection(ExtensibilityGlobals) = postSolution
		SolutionGuid = {8F039161-35D2-4183-A1E9-9DC3FA829D0B}
	EndGlobalSection
EndGlobal
